{
  "version": 4,
  "terraform_version": "1.7.5",
  "serial": 10,
  "lineage": "06a927b0-c811-7118-c148-e3bf400875ec",
  "outputs": {},
  "resources": [
    {
      "mode": "managed",
      "type": "google_cloud_run_service",
      "name": "sample-app-001",
      "provider": "provider[\"registry.terraform.io/hashicorp/google\"]",
      "instances": [
        {
          "schema_version": 2,
          "attributes": {
            "autogenerate_revision_name": false,
            "id": "locations/asia-southeast1/namespaces/primeval-splice-423019-c0/services/primeval-splice-423019-c0",
            "location": "asia-southeast1",
            "metadata": [
              {
                "annotations": {},
                "effective_annotations": {
                  "run.googleapis.com/ingress": "all",
                  "run.googleapis.com/ingress-status": "all",
                  "run.googleapis.com/operation-id": "fc77b382-6fc2-4baf-92bd-9310443eecc7",
                  "serving.knative.dev/creator": "service-terraform-account@primeval-splice-423019-c0.iam.gserviceaccount.com",
                  "serving.knative.dev/lastModifier": "service-terraform-account@primeval-splice-423019-c0.iam.gserviceaccount.com"
                },
                "effective_labels": {
                  "cloud.googleapis.com/location": "asia-southeast1",
                  "run.googleapis.com/satisfiesPzs": "true"
                },
                "generation": 1,
                "labels": {},
                "namespace": "primeval-splice-423019-c0",
                "resource_version": "AAYeUHvvKkA",
                "self_link": "/apis/serving.knative.dev/v1/namespaces/291738124277/services/primeval-splice-423019-c0",
                "terraform_labels": {},
                "uid": "719cc8e7-a89b-447e-907d-37b4a98c7f94"
              }
            ],
            "name": "primeval-splice-423019-c0",
            "project": "primeval-splice-423019-c0",
            "status": [
              {
                "conditions": [
                  {
                    "message": "",
                    "reason": "",
                    "status": "True",
                    "type": "Ready"
                  },
                  {
                    "message": "",
                    "reason": "",
                    "status": "True",
                    "type": "ConfigurationsReady"
                  },
                  {
                    "message": "",
                    "reason": "",
                    "status": "True",
                    "type": "RoutesReady"
                  }
                ],
                "latest_created_revision_name": "primeval-splice-423019-c0-00001-x9t",
                "latest_ready_revision_name": "primeval-splice-423019-c0-00001-x9t",
                "observed_generation": 1,
                "traffic": [
                  {
                    "latest_revision": true,
                    "percent": 100,
                    "revision_name": "primeval-splice-423019-c0-00001-x9t",
                    "tag": "",
                    "url": ""
                  }
                ],
                "url": "https://primeval-splice-423019-c0-usfc7ca5qq-as.a.run.app"
              }
            ],
            "template": [
              {
                "metadata": [
                  {
                    "annotations": {
                      "autoscaling.knative.dev/maxScale": "100"
                    },
                    "generation": 0,
                    "labels": {
                      "run.googleapis.com/startupProbeType": "Default"
                    },
                    "name": "",
                    "namespace": "",
                    "resource_version": "",
                    "self_link": "",
                    "uid": ""
                  }
                ],
                "spec": [
                  {
                    "container_concurrency": 80,
                    "containers": [
                      {
                        "args": null,
                        "command": null,
                        "env": [],
                        "env_from": [],
                        "image": "asia-northeast1-docker.pkg.dev/primeval-splice-423019-c0/sample-app-001/ume",
                        "liveness_probe": [],
                        "name": "",
                        "ports": [
                          {
                            "container_port": 8080,
                            "name": "http1",
                            "protocol": ""
                          }
                        ],
                        "resources": [
                          {
                            "limits": {
                              "cpu": "1000m",
                              "memory": "512Mi"
                            },
                            "requests": {}
                          }
                        ],
                        "startup_probe": [
                          {
                            "failure_threshold": 1,
                            "grpc": [],
                            "http_get": [],
                            "initial_delay_seconds": 0,
                            "period_seconds": 240,
                            "tcp_socket": [
                              {
                                "port": 8080
                              }
                            ],
                            "timeout_seconds": 240
                          }
                        ],
                        "volume_mounts": [],
                        "working_dir": ""
                      }
                    ],
                    "service_account_name": "291738124277-compute@developer.gserviceaccount.com",
                    "serving_state": "",
                    "timeout_seconds": 300,
                    "volumes": []
                  }
                ]
              }
            ],
            "timeouts": null,
            "traffic": [
              {
                "latest_revision": true,
                "percent": 100,
                "revision_name": "",
                "tag": "",
                "url": ""
              }
            ]
          },
          "sensitive_attributes": [],
          "private": "eyJlMmJmYjczMC1lY2FhLTExZTYtOGY4OC0zNDM2M2JjN2M0YzAiOnsiY3JlYXRlIjoxMjAwMDAwMDAwMDAwLCJkZWxldGUiOjEyMDAwMDAwMDAwMDAsInVwZGF0ZSI6MTIwMDAwMDAwMDAwMH0sInNjaGVtYV92ZXJzaW9uIjoiMiJ9"
        }
      ]
    }
  ],
  "check_results": null
}
